
Microsoft Visual Studio Solution File, Format Version 12.00
# Visual Studio 2015
Project("{FAE04EC0-301F-11D3-BF4B-00C04F79EFBC}") = "Pokemon Super Silver.CSharp.Plugins", "Pokemon Super Silver.CSharp.Plugins.csproj", "{38347EF5-B343-A560-80CA-12609CE56790}"
EndProject
Project("{FAE04EC0-301F-11D3-BF4B-00C04F79EFBC}") = "Pokemon Super Silver.CSharp", "Pokemon Super Silver.CSharp.csproj", "{5A1F63DE-15D2-CCBB-7D81-4E3B80CDF254}"
EndProject
Global
	GlobalSection(SolutionConfigurationPlatforms) = preSolution
		Debug|Any CPU = Debug|Any CPU
		Release|Any CPU = Release|Any CPU
	EndGlobalSection
	GlobalSection(ProjectConfigurationPlatforms) = postSolution
		{38347EF5-B343-A560-80CA-12609CE56790}.Debug|Any CPU.ActiveCfg = Debug|Any CPU
		{38347EF5-B343-A560-80CA-12609CE56790}.Debug|Any CPU.Build.0 = Debug|Any CPU
		{38347EF5-B343-A560-80CA-12609CE56790}.Release|Any CPU.ActiveCfg = Release|Any CPU
		{38347EF5-B343-A560-80CA-12609CE56790}.Release|Any CPU.Build.0 = Release|Any CPU
		{5A1F63DE-15D2-CCBB-7D81-4E3B80CDF254}.Debug|Any CPU.ActiveCfg = Debug|Any CPU
		{5A1F63DE-15D2-CCBB-7D81-4E3B80CDF254}.Debug|Any CPU.Build.0 = Debug|Any CPU
		{5A1F63DE-15D2-CCBB-7D81-4E3B80CDF254}.Release|Any CPU.ActiveCfg = Release|Any CPU
		{5A1F63DE-15D2-CCBB-7D81-4E3B80CDF254}.Release|Any CPU.Build.0 = Release|Any CPU
	EndGlobalSection
	GlobalSection(SolutionProperties) = preSolution
		HideSolutionNode = FALSE
	EndGlobalSection
EndGlobal
